
Microsoft Visual Studio Solution File, Format Version 12.00
# Visual Studio Version 17
VisualStudioVersion = 17.2.32602.215
MinimumVisualStudioVersion = 10.0.40219.1
Project("{2150E333-8FDC-42A3-9474-1A3956D46DE8}") = "src", "src", "{0EC5A87F-55F6-42C2-AC2F-A941225320FA}"
EndProject
Project("{2150E333-8FDC-42A3-9474-1A3956D46DE8}") = "Api", "Api", "{76CA96C1-3886-4D11-9BA2-ECD3150300BE}"
EndProject
Project("{2150E333-8FDC-42A3-9474-1A3956D46DE8}") = "Core", "Core", "{03862AC3-0457-42F6-895C-21FFDE2D8B0C}"
EndProject
Project("{2150E333-8FDC-42A3-9474-1A3956D46DE8}") = "Infrastructure", "Infrastructure", "{18903430-07C8-494D-BA4D-802C63DCE1F4}"
EndProject
Project("{2150E333-8FDC-42A3-9474-1A3956D46DE8}") = "WebApi", "WebApi", "{177A42A3-DAA2-497D-93A0-4C25DB9DDC56}"
EndProject
Project("{2150E333-8FDC-42A3-9474-1A3956D46DE8}") = "Clients", "Clients", "{35B6E2C1-E384-436E-A6A8-19333854598B}"
EndProject
Project("{2150E333-8FDC-42A3-9474-1A3956D46DE8}") = "BlazorWeb", "BlazorWeb", "{155D19B7-01C1-4838-B6B9-90B2DD6C3254}"
EndProject
Project("{2150E333-8FDC-42A3-9474-1A3956D46DE8}") = "Common", "Common", "{F08930F0-5E50-421F-9A04-F91FB12FB88D}"
EndProject
Project("{2150E333-8FDC-42A3-9474-1A3956D46DE8}") = "Projections", "Projections", "{38F59632-F3C5-4E8F-AD68-6C5214898F7D}"
EndProject
Project("{FAE04EC0-301F-11D3-BF4B-00C04F79EFBC}") = "BlazorSozluk.Common", "src\Common\BlazorSozluk.Common\BlazorSozluk.Common.csproj", "{460F53A7-C331-452D-B969-E36BD32EC310}"
EndProject
Project("{FAE04EC0-301F-11D3-BF4B-00C04F79EFBC}") = "BlazorSozluk.Api.Domain", "src\Api\Core\BlazorSozluk.Api.Domain\BlazorSozluk.Api.Domain.csproj", "{F5C7741D-5F68-4983-AE83-47B91E4E2952}"
EndProject
Project("{FAE04EC0-301F-11D3-BF4B-00C04F79EFBC}") = "BlazorSozluk.Api.Application", "src\Api\Core\BlazorSozluk.Api.Application\BlazorSozluk.Api.Application.csproj", "{4D5FC12C-BE58-4AC6-B80F-71F1B57C7B51}"
EndProject
Project("{FAE04EC0-301F-11D3-BF4B-00C04F79EFBC}") = "BlazorSozluk.Infrastructure.Persistence", "src\Api\Infrastructure\BlazorSozluk.Infrastructure.Persistence\BlazorSozluk.Infrastructure.Persistence.csproj", "{7D67501D-2921-4C0B-9816-66EE10C356BD}"
EndProject
Project("{FAE04EC0-301F-11D3-BF4B-00C04F79EFBC}") = "BlazorSozluk.Api.WebApi", "src\Api\WebApi\BlazorSozluk.Api.WebApi\BlazorSozluk.Api.WebApi.csproj", "{5D644CAA-D281-412E-A6C1-096FE55C69D5}"
EndProject
Project("{FAE04EC0-301F-11D3-BF4B-00C04F79EFBC}") = "BlazorSozluk.Projections.FavoriteService", "src\Projections\BlazorSozluk.Projections.FavoriteService\BlazorSozluk.Projections.FavoriteService.csproj", "{A09FA6B7-DC37-46E6-A223-3723BDD3E119}"
EndProject
Project("{FAE04EC0-301F-11D3-BF4B-00C04F79EFBC}") = "BlazorSozluk.Projections.UserService", "src\Projections\BlazorSozluk.Projections.UserService\BlazorSozluk.Projections.UserService.csproj", "{86F57186-8B71-45D7-B90F-E5EC7BC64E38}"
EndProject
Project("{FAE04EC0-301F-11D3-BF4B-00C04F79EFBC}") = "BlazorSozluk.Projections.VoteService", "src\Projections\BlazorSozluk.Projections.VoteService\BlazorSozluk.Projections.VoteService.csproj", "{D8631700-2577-4DDA-B37E-CF0BDB4C3F7A}"
EndProject
Project("{FAE04EC0-301F-11D3-BF4B-00C04F79EFBC}") = "BlazorSozluk.WebApp", "src\Clients\BlazorWeb\BlazorSozluk.WebApp\BlazorSozluk.WebApp.csproj", "{D0DE7A7C-9CB2-4C0A-8ACD-CF93F04FC1FA}"
EndProject
Global
	GlobalSection(SolutionConfigurationPlatforms) = preSolution
		Debug|Any CPU = Debug|Any CPU
		Release|Any CPU = Release|Any CPU
	EndGlobalSection
	GlobalSection(ProjectConfigurationPlatforms) = postSolution
		{460F53A7-C331-452D-B969-E36BD32EC310}.Debug|Any CPU.ActiveCfg = Debug|Any CPU
		{460F53A7-C331-452D-B969-E36BD32EC310}.Debug|Any CPU.Build.0 = Debug|Any CPU
		{460F53A7-C331-452D-B969-E36BD32EC310}.Release|Any CPU.ActiveCfg = Release|Any CPU
		{460F53A7-C331-452D-B969-E36BD32EC310}.Release|Any CPU.Build.0 = Release|Any CPU
		{F5C7741D-5F68-4983-AE83-47B91E4E2952}.Debug|Any CPU.ActiveCfg = Debug|Any CPU
		{F5C7741D-5F68-4983-AE83-47B91E4E2952}.Debug|Any CPU.Build.0 = Debug|Any CPU
		{F5C7741D-5F68-4983-AE83-47B91E4E2952}.Release|Any CPU.ActiveCfg = Release|Any CPU
		{F5C7741D-5F68-4983-AE83-47B91E4E2952}.Release|Any CPU.Build.0 = Release|Any CPU
		{4D5FC12C-BE58-4AC6-B80F-71F1B57C7B51}.Debug|Any CPU.ActiveCfg = Debug|Any CPU
		{4D5FC12C-BE58-4AC6-B80F-71F1B57C7B51}.Debug|Any CPU.Build.0 = Debug|Any CPU
		{4D5FC12C-BE58-4AC6-B80F-71F1B57C7B51}.Release|Any CPU.ActiveCfg = Release|Any CPU
		{4D5FC12C-BE58-4AC6-B80F-71F1B57C7B51}.Release|Any CPU.Build.0 = Release|Any CPU
		{7D67501D-2921-4C0B-9816-66EE10C356BD}.Debug|Any CPU.ActiveCfg = Debug|Any CPU
		{7D67501D-2921-4C0B-9816-66EE10C356BD}.Debug|Any CPU.Build.0 = Debug|Any CPU
		{7D67501D-2921-4C0B-9816-66EE10C356BD}.Release|Any CPU.ActiveCfg = Release|Any CPU
		{7D67501D-2921-4C0B-9816-66EE10C356BD}.Release|Any CPU.Build.0 = Release|Any CPU
		{5D644CAA-D281-412E-A6C1-096FE55C69D5}.Debug|Any CPU.ActiveCfg = Debug|Any CPU
		{5D644CAA-D281-412E-A6C1-096FE55C69D5}.Debug|Any CPU.Build.0 = Debug|Any CPU
		{5D644CAA-D281-412E-A6C1-096FE55C69D5}.Release|Any CPU.ActiveCfg = Release|Any CPU
		{5D644CAA-D281-412E-A6C1-096FE55C69D5}.Release|Any CPU.Build.0 = Release|Any CPU
		{A09FA6B7-DC37-46E6-A223-3723BDD3E119}.Debug|Any CPU.ActiveCfg = Debug|Any CPU
		{A09FA6B7-DC37-46E6-A223-3723BDD3E119}.Debug|Any CPU.Build.0 = Debug|Any CPU
		{A09FA6B7-DC37-46E6-A223-3723BDD3E119}.Release|Any CPU.ActiveCfg = Release|Any CPU
		{A09FA6B7-DC37-46E6-A223-3723BDD3E119}.Release|Any CPU.Build.0 = Release|Any CPU
		{86F57186-8B71-45D7-B90F-E5EC7BC64E38}.Debug|Any CPU.ActiveCfg = Debug|Any CPU
		{86F57186-8B71-45D7-B90F-E5EC7BC64E38}.Debug|Any CPU.Build.0 = Debug|Any CPU
		{86F57186-8B71-45D7-B90F-E5EC7BC64E38}.Release|Any CPU.ActiveCfg = Release|Any CPU
		{86F57186-8B71-45D7-B90F-E5EC7BC64E38}.Release|Any CPU.Build.0 = Release|Any CPU
		{D8631700-2577-4DDA-B37E-CF0BDB4C3F7A}.Debug|Any CPU.ActiveCfg = Debug|Any CPU
		{D8631700-2577-4DDA-B37E-CF0BDB4C3F7A}.Debug|Any CPU.Build.0 = Debug|Any CPU
		{D8631700-2577-4DDA-B37E-CF0BDB4C3F7A}.Release|Any CPU.ActiveCfg = Release|Any CPU
		{D8631700-2577-4DDA-B37E-CF0BDB4C3F7A}.Release|Any CPU.Build.0 = Release|Any CPU
		{D0DE7A7C-9CB2-4C0A-8ACD-CF93F04FC1FA}.Debug|Any CPU.ActiveCfg = Debug|Any CPU
		{D0DE7A7C-9CB2-4C0A-8ACD-CF93F04FC1FA}.Debug|Any CPU.Build.0 = Debug|Any CPU
		{D0DE7A7C-9CB2-4C0A-8ACD-CF93F04FC1FA}.Release|Any CPU.ActiveCfg = Release|Any CPU
		{D0DE7A7C-9CB2-4C0A-8ACD-CF93F04FC1FA}.Release|Any CPU.Build.0 = Release|Any CPU
	EndGlobalSection
	GlobalSection(SolutionProperties) = preSolution
		HideSolutionNode = FALSE
	EndGlobalSection
	GlobalSection(NestedProjects) = preSolution
		{76CA96C1-3886-4D11-9BA2-ECD3150300BE} = {0EC5A87F-55F6-42C2-AC2F-A941225320FA}
		{03862AC3-0457-42F6-895C-21FFDE2D8B0C} = {76CA96C1-3886-4D11-9BA2-ECD3150300BE}
		{18903430-07C8-494D-BA4D-802C63DCE1F4} = {76CA96C1-3886-4D11-9BA2-ECD3150300BE}
		{177A42A3-DAA2-497D-93A0-4C25DB9DDC56} = {76CA96C1-3886-4D11-9BA2-ECD3150300BE}
		{35B6E2C1-E384-436E-A6A8-19333854598B} = {0EC5A87F-55F6-42C2-AC2F-A941225320FA}
		{155D19B7-01C1-4838-B6B9-90B2DD6C3254} = {35B6E2C1-E384-436E-A6A8-19333854598B}
		{F08930F0-5E50-421F-9A04-F91FB12FB88D} = {0EC5A87F-55F6-42C2-AC2F-A941225320FA}
		{38F59632-F3C5-4E8F-AD68-6C5214898F7D} = {0EC5A87F-55F6-42C2-AC2F-A941225320FA}
		{460F53A7-C331-452D-B969-E36BD32EC310} = {F08930F0-5E50-421F-9A04-F91FB12FB88D}
		{F5C7741D-5F68-4983-AE83-47B91E4E2952} = {03862AC3-0457-42F6-895C-21FFDE2D8B0C}
		{4D5FC12C-BE58-4AC6-B80F-71F1B57C7B51} = {03862AC3-0457-42F6-895C-21FFDE2D8B0C}
		{7D67501D-2921-4C0B-9816-66EE10C356BD} = {18903430-07C8-494D-BA4D-802C63DCE1F4}
		{5D644CAA-D281-412E-A6C1-096FE55C69D5} = {177A42A3-DAA2-497D-93A0-4C25DB9DDC56}
		{A09FA6B7-DC37-46E6-A223-3723BDD3E119} = {38F59632-F3C5-4E8F-AD68-6C5214898F7D}
		{86F57186-8B71-45D7-B90F-E5EC7BC64E38} = {38F59632-F3C5-4E8F-AD68-6C5214898F7D}
		{D8631700-2577-4DDA-B37E-CF0BDB4C3F7A} = {38F59632-F3C5-4E8F-AD68-6C5214898F7D}
		{D0DE7A7C-9CB2-4C0A-8ACD-CF93F04FC1FA} = {155D19B7-01C1-4838-B6B9-90B2DD6C3254}
	EndGlobalSection
	GlobalSection(ExtensibilityGlobals) = postSolution
		SolutionGuid = {864B9664-62D3-4A43-B92F-EB19FB025D21}
	EndGlobalSection
EndGlobal
